// !$*UTF8*$!
{
	archiveVersion = 1;
	classes = {
	};
	objectVersion = 46;
	objects = {

/* Begin PBXBuildFile section */
		31AB7B441B5381EE0099025E /* main.m in Sources */ = {isa = PBXBuildFile; fileRef = 31AB7B431B5381EE0099025E /* main.m */; };
		31AB7B471B5381EE0099025E /* AppDelegate.m in Sources */ = {isa = PBXBuildFile; fileRef = 31AB7B461B5381EE0099025E /* AppDelegate.m */; };
		31AB7B4D1B5381EE0099025E /* Main.storyboard in Resources */ = {isa = PBXBuildFile; fileRef = 31AB7B4B1B5381EE0099025E /* Main.storyboard */; };
		31AB7B4F1B5381EE0099025E /* Images.xcassets in Resources */ = {isa = PBXBuildFile; fileRef = 31AB7B4E1B5381EE0099025E /* Images.xcassets */; };
		31AB7B521B5381EE0099025E /* LaunchScreen.xib in Resources */ = {isa = PBXBuildFile; fileRef = 31AB7B501B5381EE0099025E /* LaunchScreen.xib */; };
		31AB7B5E1B5381EE0099025E /* placesTests.m in Sources */ = {isa = PBXBuildFile; fileRef = 31AB7B5D1B5381EE0099025E /* placesTests.m */; };
		31AB7B761B53998A0099025E /* placeDetailViewController.m in Sources */ = {isa = PBXBuildFile; fileRef = 31AB7B711B53998A0099025E /* placeDetailViewController.m */; };
		31AB7B771B53998A0099025E /* placesMapViewController.m in Sources */ = {isa = PBXBuildFile; fileRef = 31AB7B731B53998A0099025E /* placesMapViewController.m */; };
		31AB7B781B53998A0099025E /* placesTableViewController.m in Sources */ = {isa = PBXBuildFile; fileRef = 31AB7B751B53998A0099025E /* placesTableViewController.m */; };
		A1F3C80F0CAC61F7EF88C005 /* libPods.a in Frameworks */ = {isa = PBXBuildFile; fileRef = DD4D7C6B084E452A50557348 /* libPods.a */; };
/* End PBXBuildFile section */

/* Begin PBXContainerItemProxy section */
		31AB7B581B5381EE0099025E /* PBXContainerItemProxy */ = {
			isa = PBXContainerItemProxy;
			containerPortal = 31AB7B361B5381EE0099025E /* Project object */;
			proxyType = 1;
			remoteGlobalIDString = 31AB7B3D1B5381EE0099025E;
			remoteInfo = places;
		};
/* End PBXContainerItemProxy section */

/* Begin PBXFileReference section */
		31AB7B3E1B5381EE0099025E /* places.app */ = {isa = PBXFileReference; explicitFileType = wrapper.application; includeInIndex = 0; path = places.app; sourceTree = BUILT_PRODUCTS_DIR; };
		31AB7B421B5381EE0099025E /* Info.plist */ = {isa = PBXFileReference; lastKnownFileType = text.plist.xml; path = Info.plist; sourceTree = "<group>"; };
		31AB7B431B5381EE0099025E /* main.m */ = {isa = PBXFileReference; lastKnownFileType = sourcecode.c.objc; path = main.m; sourceTree = "<group>"; };
		31AB7B451B5381EE0099025E /* AppDelegate.h */ = {isa = PBXFileReference; lastKnownFileType = sourcecode.c.h; path = AppDelegate.h; sourceTree = "<group>"; };
		31AB7B461B5381EE0099025E /* AppDelegate.m */ = {isa = PBXFileReference; lastKnownFileType = sourcecode.c.objc; path = AppDelegate.m; sourceTree = "<group>"; };
		31AB7B4C1B5381EE0099025E /* Base */ = {isa = PBXFileReference; lastKnownFileType = file.storyboard; name = Base; path = Base.lproj/Main.storyboard; sourceTree = "<group>"; };
		31AB7B4E1B5381EE0099025E /* Images.xcassets */ = {isa = PBXFileReference; lastKnownFileType = folder.assetcatalog; path = Images.xcassets; sourceTree = "<group>"; };
		31AB7B511B5381EE0099025E /* Base */ = {isa = PBXFileReference; lastKnownFileType = file.xib; name = Base; path = Base.lproj/LaunchScreen.xib; sourceTree = "<group>"; };
		31AB7B571B5381EE0099025E /* placesTests.xctest */ = {isa = PBXFileReference; explicitFileType = wrapper.cfbundle; includeInIndex = 0; path = placesTests.xctest; sourceTree = BUILT_PRODUCTS_DIR; };
		31AB7B5C1B5381EE0099025E /* Info.plist */ = {isa = PBXFileReference; lastKnownFileType = text.plist.xml; path = Info.plist; sourceTree = "<group>"; };
		31AB7B5D1B5381EE0099025E /* placesTests.m */ = {isa = PBXFileReference; lastKnownFileType = sourcecode.c.objc; path = placesTests.m; sourceTree = "<group>"; };
		31AB7B701B53998A0099025E /* placeDetailViewController.h */ = {isa = PBXFileReference; fileEncoding = 4; lastKnownFileType = sourcecode.c.h; path = placeDetailViewController.h; sourceTree = "<group>"; };
		31AB7B711B53998A0099025E /* placeDetailViewController.m */ = {isa = PBXFileReference; fileEncoding = 4; lastKnownFileType = sourcecode.c.objc; path = placeDetailViewController.m; sourceTree = "<group>"; };
		31AB7B721B53998A0099025E /* placesMapViewController.h */ = {isa = PBXFileReference; fileEncoding = 4; lastKnownFileType = sourcecode.c.h; path = placesMapViewController.h; sourceTree = "<group>"; };
		31AB7B731B53998A0099025E /* placesMapViewController.m */ = {isa = PBXFileReference; fileEncoding = 4; lastKnownFileType = sourcecode.c.objc; path = placesMapViewController.m; sourceTree = "<group>"; };
		31AB7B741B53998A0099025E /* placesTableViewController.h */ = {isa = PBXFileReference; fileEncoding = 4; lastKnownFileType = sourcecode.c.h; path = placesTableViewController.h; sourceTree = "<group>"; };
		31AB7B751B53998A0099025E /* placesTableViewController.m */ = {isa = PBXFileReference; fileEncoding = 4; lastKnownFileType = sourcecode.c.objc; path = placesTableViewController.m; sourceTree = "<group>"; };
		A3E1DCE1E0027F8917F44466 /* Pods.release.xcconfig */ = {isa = PBXFileReference; includeInIndex = 1; lastKnownFileType = text.xcconfig; name = Pods.release.xcconfig; path = "Pods/Target Support Files/Pods/Pods.release.xcconfig"; sourceTree = "<group>"; };
		DD4D7C6B084E452A50557348 /* libPods.a */ = {isa = PBXFileReference; explicitFileType = archive.ar; includeInIndex = 0; path = libPods.a; sourceTree = BUILT_PRODUCTS_DIR; };
		EB1D773CDD1F83915AC6A70D /* Pods.debug.xcconfig */ = {isa = PBXFileReference; includeInIndex = 1; lastKnownFileType = text.xcconfig; name = Pods.debug.xcconfig; path = "Pods/Target Support Files/Pods/Pods.debug.xcconfig"; sourceTree = "<group>"; };
/* End PBXFileReference section */

/* Begin PBXFrameworksBuildPhase section */
		31AB7B3B1B5381EE0099025E /* Frameworks */ = {
			isa = PBXFrameworksBuildPhase;
			buildActionMask = 2147483647;
			files = (
				A1F3C80F0CAC61F7EF88C005 /* libPods.a in Frameworks */,
			);
			runOnlyForDeploymentPostprocessing = 0;
		};
		31AB7B541B5381EE0099025E /* Frameworks */ = {
			isa = PBXFrameworksBuildPhase;
			buildActionMask = 2147483647;
			files = (
			);
			runOnlyForDeploymentPostprocessing = 0;
		};
/* End PBXFrameworksBuildPhase section */

/* Begin PBXGroup section */
		31AB7B351B5381EE0099025E = {
			isa = PBXGroup;
			children = (
				31AB7B401B5381EE0099025E /* places */,
				31AB7B5A1B5381EE0099025E /* placesTests */,
				31AB7B3F1B5381EE0099025E /* Products */,
				DE7ECA92BC4787A4D98E5CC4 /* Pods */,
				A433D5EFA9F7ADCA5097698D /* Frameworks */,
			);
			sourceTree = "<group>";
		};
		31AB7B3F1B5381EE0099025E /* Products */ = {
			isa = PBXGroup;
			children = (
				31AB7B3E1B5381EE0099025E /* places.app */,
				31AB7B571B5381EE0099025E /* placesTests.xctest */,
			);
			name = Products;
			sourceTree = "<group>";
		};
		31AB7B401B5381EE0099025E /* places */ = {
			isa = PBXGroup;
			children = (
				31AB7B701B53998A0099025E /* placeDetailViewController.h */,
				31AB7B711B53998A0099025E /* placeDetailViewController.m */,
				31AB7B721B53998A0099025E /* placesMapViewController.h */,
				31AB7B731B53998A0099025E /* placesMapViewController.m */,
				31AB7B741B53998A0099025E /* placesTableViewController.h */,
				31AB7B751B53998A0099025E /* placesTableViewController.m */,
				31AB7B451B5381EE0099025E /* AppDelegate.h */,
				31AB7B461B5381EE0099025E /* AppDelegate.m */,
				31AB7B4B1B5381EE0099025E /* Main.storyboard */,
				31AB7B4E1B5381EE0099025E /* Images.xcassets */,
				31AB7B501B5381EE0099025E /* LaunchScreen.xib */,
				31AB7B411B5381EE0099025E /* Supporting Files */,
			);
			path = places;
			sourceTree = "<group>";
		};
		31AB7B411B5381EE0099025E /* Supporting Files */ = {
			isa = PBXGroup;
			children = (
				31AB7B421B5381EE0099025E /* Info.plist */,
				31AB7B431B5381EE0099025E /* main.m */,
			);
			name = "Supporting Files";
			sourceTree = "<group>";
		};
		31AB7B5A1B5381EE0099025E /* placesTests */ = {
			isa = PBXGroup;
			children = (
				31AB7B5D1B5381EE0099025E /* placesTests.m */,
				31AB7B5B1B5381EE0099025E /* Supporting Files */,
			);
			path = placesTests;
			sourceTree = "<group>";
		};
		31AB7B5B1B5381EE0099025E /* Supporting Files */ = {
			isa = PBXGroup;
			children = (
				31AB7B5C1B5381EE0099025E /* Info.plist */,
			);
			name = "Supporting Files";
			sourceTree = "<group>";
		};
		A433D5EFA9F7ADCA5097698D /* Frameworks */ = {
			isa = PBXGroup;
			children = (
				DD4D7C6B084E452A50557348 /* libPods.a */,
			);
			name = Frameworks;
			sourceTree = "<group>";
		};
		DE7ECA92BC4787A4D98E5CC4 /* Pods */ = {
			isa = PBXGroup;
			children = (
				EB1D773CDD1F83915AC6A70D /* Pods.debug.xcconfig */,
				A3E1DCE1E0027F8917F44466 /* Pods.release.xcconfig */,
			);
			name = Pods;
			sourceTree = "<group>";
		};
/* End PBXGroup section */

/* Begin PBXNativeTarget section */
		31AB7B3D1B5381EE0099025E /* places */ = {
			isa = PBXNativeTarget;
			buildConfigurationList = 31AB7B611B5381EE0099025E /* Build configuration list for PBXNativeTarget "places" */;
			buildPhases = (
				C970FAB11403D8D703CAF1DD /* Check Pods Manifest.lock */,
				31AB7B3A1B5381EE0099025E /* Sources */,
				31AB7B3B1B5381EE0099025E /* Frameworks */,
				31AB7B3C1B5381EE0099025E /* Resources */,
				3C2824A1769C71E0FC324173 /* Copy Pods Resources */,
			);
			buildRules = (
			);
			dependencies = (
			);
			name = places;
			productName = places;
			productReference = 31AB7B3E1B5381EE0099025E /* places.app */;
			productType = "com.apple.product-type.application";
		};
		31AB7B561B5381EE0099025E /* placesTests */ = {
			isa = PBXNativeTarget;
			buildConfigurationList = 31AB7B641B5381EE0099025E /* Build configuration list for PBXNativeTarget "placesTests" */;
			buildPhases = (
				31AB7B531B5381EE0099025E /* Sources */,
				31AB7B541B5381EE0099025E /* Frameworks */,
				31AB7B551B5381EE0099025E /* Resources */,
			);
			buildRules = (
			);
			dependencies = (
				31AB7B591B5381EE0099025E /* PBXTargetDependency */,
			);
			name = placesTests;
			productName = placesTests;
			productReference = 31AB7B571B5381EE0099025E /* placesTests.xctest */;
			productType = "com.apple.product-type.bundle.unit-test";
		};
/* End PBXNativeTarget section */

/* Begin PBXProject section */
		31AB7B361B5381EE0099025E /* Project object */ = {
			isa = PBXProject;
			attributes = {
				LastUpgradeCheck = 0640;
				ORGANIZATIONNAME = "Zordius Chen";
				TargetAttributes = {
					31AB7B3D1B5381EE0099025E = {
						CreatedOnToolsVersion = 6.4;
					};
					31AB7B561B5381EE0099025E = {
						CreatedOnToolsVersion = 6.4;
						TestTargetID = 31AB7B3D1B5381EE0099025E;
					};
				};
			};
			buildConfigurationList = 31AB7B391B5381EE0099025E /* Build configuration list for PBXProject "places" */;
			compatibilityVersion = "Xcode 3.2";
			developmentRegion = English;
			hasScannedForEncodings = 0;
			knownRegions = (
				en,
				Base,
			);
			mainGroup = 31AB7B351B5381EE0099025E;
			productRefGroup = 31AB7B3F1B5381EE0099025E /* Products */;
			projectDirPath = "";
			projectRoot = "";
			targets = (
				31AB7B3D1B5381EE0099025E /* places */,
				31AB7B561B5381EE0099025E /* placesTests */,
			);
		};
/* End PBXProject section */

/* Begin PBXResourcesBuildPhase section */
		31AB7B3C1B5381EE0099025E /* Resources */ = {
			isa = PBXResourcesBuildPhase;
			buildActionMask = 2147483647;
			files = (
				31AB7B4D1B5381EE0099025E /* Main.storyboard in Resources */,
				31AB7B521B5381EE0099025E /* LaunchScreen.xib in Resources */,
				31AB7B4F1B5381EE0099025E /* Images.xcassets in Resources */,
			);
			runOnlyForDeploymentPostprocessing = 0;
		};
		31AB7B551B5381EE0099025E /* Resources */ = {
			isa = PBXResourcesBuildPhase;
			buildActionMask = 2147483647;
			files = (
			);
			runOnlyForDeploymentPostprocessing = 0;
		};
/* End PBXResourcesBuildPhase section */

/* Begin PBXShellScriptBuildPhase section */
		3C2824A1769C71E0FC324173 /* Copy Pods Resources */ = {
			isa = PBXShellScriptBuildPhase;
			buildActionMask = 2147483647;
			files = (
			);
			inputPaths = (
			);
			name = "Copy Pods Resources";
			outputPaths = (
			);
			runOnlyForDeploymentPostprocessing = 0;
			shellPath = /bin/sh;
			shellScript = "\"${SRCROOT}/Pods/Target Support Files/Pods/Pods-resources.sh\"\n";
			showEnvVarsInLog = 0;
		};
		C970FAB11403D8D703CAF1DD /* Check Pods Manifest.lock */ = {
			isa = PBXShellScriptBuildPhase;
			buildActionMask = 2147483647;
			files = (
			);
			inputPaths = (
			);
			name = "Check Pods Manifest.lock";
			outputPaths = (
			);
			runOnlyForDeploymentPostprocessing = 0;
			shellPath = /bin/sh;
			shellScript = "diff \"${PODS_ROOT}/../Podfile.lock\" \"${PODS_ROOT}/Manifest.lock\" > /dev/null\nif [[ $? != 0 ]] ; then\n    cat << EOM\nerror: The sandbox is not in sync with the Podfile.lock. Run 'pod install' or update your CocoaPods installation.\nEOM\n    exit 1\nfi\n";
			showEnvVarsInLog = 0;
		};
/* End PBXShellScriptBuildPhase section */

/* Begin PBXSourcesBuildPhase section */
		31AB7B3A1B5381EE0099025E /* Sources */ = {
			isa = PBXSourcesBuildPhase;
			buildActionMask = 2147483647;
			files = (
				31AB7B471B5381EE0099025E /* AppDelegate.m in Sources */,
				31AB7B771B53998A0099025E /* placesMapViewController.m in Sources */,
				31AB7B781B53998A0099025E /* placesTableViewController.m in Sources */,
				31AB7B441B5381EE0099025E /* main.m in Sources */,
				31AB7B761B53998A0099025E /* placeDetailViewController.m in Sources */,
			);
			runOnlyForDeploymentPostprocessing = 0;
		};
		31AB7B531B5381EE0099025E /* Sources */ = {
			isa = PBXSourcesBuildPhase;
			buildActionMask = 2147483647;
			files = (
				31AB7B5E1B5381EE0099025E /* placesTests.m in Sources */,
			);
			runOnlyForDeploymentPostprocessing = 0;
		};
/* End PBXSourcesBuildPhase section */

/* Begin PBXTargetDependency section */
		31AB7B591B5381EE0099025E /* PBXTargetDependency */ = {
			isa = PBXTargetDependency;
			target = 31AB7B3D1B5381EE0099025E /* places */;
			targetProxy = 31AB7B581B5381EE0099025E /* PBXContainerItemProxy */;
		};
/* End PBXTargetDependency section */

/* Begin PBXVariantGroup section */
		31AB7B4B1B5381EE0099025E /* Main.storyboard */ = {
			isa = PBXVariantGroup;
			children = (
				31AB7B4C1B5381EE0099025E /* Base */,
			);
			name = Main.storyboard;
			sourceTree = "<group>";
		};
		31AB7B501B5381EE0099025E /* LaunchScreen.xib */ = {
			isa = PBXVariantGroup;
			children = (
				31AB7B511B5381EE0099025E /* Base */,
			);
			name = LaunchScreen.xib;
			sourceTree = "<group>";
		};
/* End PBXVariantGroup section */

/* Begin XCBuildConfiguration section */
		31AB7B5F1B5381EE0099025E /* Debug */ = {
			isa = XCBuildConfiguration;
			buildSettings = {
				ALWAYS_SEARCH_USER_PATHS = NO;
				CLANG_CXX_LANGUAGE_STANDARD = "gnu++0x";
				CLANG_CXX_LIBRARY = "libc++";
				CLANG_ENABLE_MODULES = YES;
				CLANG_ENABLE_OBJC_ARC = YES;
				CLANG_WARN_BOOL_CONVERSION = YES;
				CLANG_WARN_CONSTANT_CONVERSION = YES;
				CLANG_WARN_DIRECT_OBJC_ISA_USAGE = YES_ERROR;
				CLANG_WARN_EMPTY_BODY = YES;
				CLANG_WARN_ENUM_CONVERSION = YES;
				CLANG_WARN_INT_CONVERSION = YES;
				CLANG_WARN_OBJC_ROOT_CLASS = YES_ERROR;
				CLANG_WARN_UNREACHABLE_CODE = YES;
				CLANG_WARN__DUPLICATE_METHOD_MATCH = YES;
				"CODE_SIGN_IDENTITY[sdk=iphoneos*]" = "iPhone Developer";
				COPY_PHASE_STRIP = NO;
				DEBUG_INFORMATION_FORMAT = "dwarf-with-dsym";
				ENABLE_STRICT_OBJC_MSGSEND = YES;
				GCC_C_LANGUAGE_STANDARD = gnu99;
				GCC_DYNAMIC_NO_PIC = NO;
				GCC_NO_COMMON_BLOCKS = YES;
				GCC_OPTIMIZATION_LEVEL = 0;
				GCC_PREPROCESSOR_DEFINITIONS = (
					"DEBUG=1",
					"$(inherited)",
				);
				GCC_SYMBOLS_PRIVATE_EXTERN = NO;
				GCC_WARN_64_TO_32_BIT_CONVERSION = YES;
				GCC_WARN_ABOUT_RETURN_TYPE = YES_ERROR;
				GCC_WARN_UNDECLARED_SELECTOR = YES;
				GCC_WARN_UNINITIALIZED_AUTOS = YES_AGGRESSIVE;
				GCC_WARN_UNUSED_FUNCTION = YES;
				GCC_WARN_UNUSED_VARIABLE = YES;
				IPHONEOS_DEPLOYMENT_TARGET = 8.4;
				MTL_ENABLE_DEBUG_INFO = YES;
				ONLY_ACTIVE_ARCH = YES;
				SDKROOT = iphoneos;
				TARGETED_DEVICE_FAMILY = "1,2";
			};
			name = Debug;
		};
		31AB7B601B5381EE0099025E /* Release */ = {
			isa = XCBuildConfiguration;
			buildSettings = {
				ALWAYS_SEARCH_USER_PATHS = NO;
				CLANG_CXX_LANGUAGE_STANDARD = "gnu++0x";
				CLANG_CXX_LIBRARY = "libc++";
				CLANG_ENABLE_MODULES = YES;
				CLANG_ENABLE_OBJC_ARC = YES;
				CLANG_WARN_BOOL_CONVERSION = YES;
				CLANG_WARN_CONSTANT_CONVERSION = YES;
				CLANG_WARN_DIRECT_OBJC_ISA_USAGE = YES_ERROR;
				CLANG_WARN_EMPTY_BODY = YES;
				CLANG_WARN_ENUM_CONVERSION = YES;
				CLANG_WARN_INT_CONVERSION = YES;
				CLANG_WARN_OBJC_ROOT_CLASS = YES_ERROR;
				CLANG_WARN_UNREACHABLE_CODE = YES;
				CLANG_WARN__DUPLICATE_METHOD_MATCH = YES;
				"CODE_SIGN_IDENTITY[sdk=iphoneos*]" = "iPhone Developer";
				COPY_PHASE_STRIP = NO;
				DEBUG_INFORMATION_FORMAT = "dwarf-with-dsym";
				ENABLE_NS_ASSERTIONS = NO;
				ENABLE_STRICT_OBJC_MSGSEND = YES;
				GCC_C_LANGUAGE_STANDARD = gnu99;
				GCC_NO_COMMON_BLOCKS = YES;
				GCC_WARN_64_TO_32_BIT_CONVERSION = YES;
				GCC_WARN_ABOUT_RETURN_TYPE = YES_ERROR;
				GCC_WARN_UNDECLARED_SELECTOR = YES;
				GCC_WARN_UNINITIALIZED_AUTOS = YES_AGGRESSIVE;
				GCC_WARN_UNUSED_FUNCTION = YES;
				GCC_WARN_UNUSED_VARIABLE = YES;
				IPHONEOS_DEPLOYMENT_TARGET = 8.4;
				MTL_ENABLE_DEBUG_INFO = NO;
				SDKROOT = iphoneos;
				TARGETED_DEVICE_FAMILY = "1,2";
				VALIDATE_PRODUCT = YES;
			};
			name = Release;
		};
		31AB7B621B5381EE0099025E /* Debug */ = {
			isa = XCBuildConfiguration;
			baseConfigurationReference = EB1D773CDD1F83915AC6A70D /* Pods.debug.xcconfig */;
			buildSettings = {
				ASSETCATALOG_COMPILER_APPICON_NAME = AppIcon;
				INFOPLIST_FILE = places/Info.plist;
				LD_RUNPATH_SEARCH_PATHS = "$(inherited) @executable_path/Frameworks";
				PRODUCT_NAME = "$(TARGET_NAME)";
			};
			name = Debug;
		};
		31AB7B631B5381EE0099025E /* Release */ = {
			isa = XCBuildConfiguration;
			baseConfigurationReference = A3E1DCE1E0027F8917F44466 /* Pods.release.xcconfig */;
			buildSettings = {
				ASSETCATALOG_COMPILER_APPICON_NAME = AppIcon;
				INFOPLIST_FILE = places/Info.plist;
				LD_RUNPATH_SEARCH_PATHS = "$(inherited) @executable_path/Frameworks";
				PRODUCT_NAME = "$(TARGET_NAME)";
			};
			name = Release;
		};
		31AB7B651B5381EE0099025E /* Debug */ = {
			isa = XCBuildConfiguration;
			buildSettings = {
				BUNDLE_LOADER = "$(TEST_HOST)";
				FRAMEWORK_SEARCH_PATHS = (
					"$(SDKROOT)/Developer/Library/Frameworks",
					"$(inherited)",
				);
				GCC_PREPROCESSOR_DEFINITIONS = (
					"DEBUG=1",
					"$(inherited)",
				);
				INFOPLIST_FILE = placesTests/Info.plist;
				LD_RUNPATH_SEARCH_PATHS = "$(inherited) @executable_path/Frameworks @loader_path/Frameworks";
				PRODUCT_NAME = "$(TARGET_NAME)";
				TEST_HOST = "$(BUILT_PRODUCTS_DIR)/places.app/places";
			};
			name = Debug;
		};
		31AB7B661B5381EE0099025E /* Release */ = {
			isa = XCBuildConfiguration;
			buildSettings = {
				BUNDLE_LOADER = "$(TEST_HOST)";
				FRAMEWORK_SEARCH_PATHS = (
					"$(SDKROOT)/Developer/Library/Frameworks",
					"$(inherited)",
				);
				INFOPLIST_FILE = placesTests/Info.plist;
				LD_RUNPATH_SEARCH_PATHS = "$(inherited) @executable_path/Frameworks @loader_path/Frameworks";
				PRODUCT_NAME = "$(TARGET_NAME)";
				TEST_HOST = "$(BUILT_PRODUCTS_DIR)/places.app/places";
			};
			name = Release;
		};
/* End XCBuildConfiguration section */

/* Begin XCConfigurationList section */
		31AB7B391B5381EE0099025E /* Build configuration list for PBXProject "places" */ = {
			isa = XCConfigurationList;
			buildConfigurations = (
				31AB7B5F1B5381EE0099025E /* Debug */,
				31AB7B601B5381EE0099025E /* Release */,
			);
			defaultConfigurationIsVisible = 0;
			defaultConfigurationName = Release;
		};
		31AB7B611B5381EE0099025E /* Build configuration list for PBXNativeTarget "places" */ = {
			isa = XCConfigurationList;
			buildConfigurations = (
				31AB7B621B5381EE0099025E /* Debug */,
				31AB7B631B5381EE0099025E /* Release */,
			);
			defaultConfigurationIsVisible = 0;
			defaultConfigurationName = Release;
		};
		31AB7B641B5381EE0099025E /* Build configuration list for PBXNativeTarget "placesTests" */ = {
			isa = XCConfigurationList;
			buildConfigurations = (
				31AB7B651B5381EE0099025E /* Debug */,
				31AB7B661B5381EE0099025E /* Release */,
			);
			defaultConfigurationIsVisible = 0;
			defaultConfigurationName = Release;
		};
/* End XCConfigurationList section */
	};
	rootObject = 31AB7B361B5381EE0099025E /* Project object */;
}
